
Microsoft Visual Studio Solution File, Format Version 12.00
# Visual Studio Version 17
VisualStudioVersion = 17.7.34202.233
MinimumVisualStudioVersion = 10.0.40219.1
Project("{FAE04EC0-301F-11D3-BF4B-00C04F79EFBC}") = "Loto", "Loto\Loto.csproj", "{BFA3A014-2DAE-4CC8-957E-98C78AAAEEA4}"
EndProject
Global
	GlobalSection(SolutionConfigurationPlatforms) = preSolution
		Debug|Any CPU = Debug|Any CPU
		Release|Any CPU = Release|Any CPU
	EndGlobalSection
	GlobalSection(ProjectConfigurationPlatforms) = postSolution
		{BFA3A014-2DAE-4CC8-957E-98C78AAAEEA4}.Debug|Any CPU.ActiveCfg = Debug|Any CPU
		{BFA3A014-2DAE-4CC8-957E-98C78AAAEEA4}.Debug|Any CPU.Build.0 = Debug|Any CPU
		{BFA3A014-2DAE-4CC8-957E-98C78AAAEEA4}.Release|Any CPU.ActiveCfg = Release|Any CPU
		{BFA3A014-2DAE-4CC8-957E-98C78AAAEEA4}.Release|Any CPU.Build.0 = Release|Any CPU
	EndGlobalSection
	GlobalSection(SolutionProperties) = preSolution
		HideSolutionNode = FALSE
	EndGlobalSection
	GlobalSection(ExtensibilityGlobals) = postSolution
		SolutionGuid = {7873B63D-EB5A-4E66-8806-BA207B9D4677}
	EndGlobalSection
EndGlobal
